// !$*UTF8*$!
{
	archiveVersion = 1;
	classes = {
	};
	objectVersion = 56;
	objects = {

/* Begin PBXBuildFile section */
		1246873C2ABF0C45004E1BC0 /* LabelFactor.swift in Sources */ = {isa = PBXBuildFile; fileRef = 1246873B2ABF0C45004E1BC0 /* LabelFactor.swift */; };
		12629DF42ABEE99F0056D007 /* AppDelegate.swift in Sources */ = {isa = PBXBuildFile; fileRef = 12629DF32ABEE99F0056D007 /* AppDelegate.swift */; };
		12629DF62ABEE99F0056D007 /* SceneDelegate.swift in Sources */ = {isa = PBXBuildFile; fileRef = 12629DF52ABEE99F0056D007 /* SceneDelegate.swift */; };
		12629DF82ABEE99F0056D007 /* CalculatorVC.swift in Sources */ = {isa = PBXBuildFile; fileRef = 12629DF72ABEE99F0056D007 /* CalculatorVC.swift */; };
		12629DFD2ABEE9A10056D007 /* Assets.xcassets in Resources */ = {isa = PBXBuildFile; fileRef = 12629DFC2ABEE9A10056D007 /* Assets.xcassets */; };
		12629E002ABEE9A10056D007 /* LaunchScreen.storyboard in Resources */ = {isa = PBXBuildFile; fileRef = 12629DFE2ABEE9A10056D007 /* LaunchScreen.storyboard */; };
		12629E0B2ABEE9A10056D007 /* tip_calculatorTests.swift in Sources */ = {isa = PBXBuildFile; fileRef = 12629E0A2ABEE9A10056D007 /* tip_calculatorTests.swift */; };
		12629E152ABEE9A10056D007 /* tip_calculatorUITests.swift in Sources */ = {isa = PBXBuildFile; fileRef = 12629E142ABEE9A10056D007 /* tip_calculatorUITests.swift */; };
		12629E172ABEE9A10056D007 /* tip_calculatorUITestsLaunchTests.swift in Sources */ = {isa = PBXBuildFile; fileRef = 12629E162ABEE9A10056D007 /* tip_calculatorUITestsLaunchTests.swift */; };
		12629E252ABEEA880056D007 /* CombineCocoa in Frameworks */ = {isa = PBXBuildFile; productRef = 12629E242ABEEA880056D007 /* CombineCocoa */; };
		12629E282ABEEAD10056D007 /* SnapKit in Frameworks */ = {isa = PBXBuildFile; productRef = 12629E272ABEEAD10056D007 /* SnapKit */; };
		12629E2B2ABEEB8F0056D007 /* CombineCocoa in Frameworks */ = {isa = PBXBuildFile; productRef = 12629E2A2ABEEB8F0056D007 /* CombineCocoa */; };
		12629E2E2ABEEC840056D007 /* SnapshotTesting in Frameworks */ = {isa = PBXBuildFile; productRef = 12629E2D2ABEEC840056D007 /* SnapshotTesting */; };
		12629E302ABEECAA0056D007 /* CombineCocoa in Frameworks */ = {isa = PBXBuildFile; productRef = 12629E2F2ABEECAA0056D007 /* CombineCocoa */; };
		12629E332ABEF4CA0056D007 /* LogoView.swift in Sources */ = {isa = PBXBuildFile; fileRef = 12629E322ABEF4CA0056D007 /* LogoView.swift */; };
		12629E352ABEF7430056D007 /* ResultView.swift in Sources */ = {isa = PBXBuildFile; fileRef = 12629E342ABEF7430056D007 /* ResultView.swift */; };
		12629E372ABEF7600056D007 /* BillInputView.swift in Sources */ = {isa = PBXBuildFile; fileRef = 12629E362ABEF7600056D007 /* BillInputView.swift */; };
		12629E392ABEF7750056D007 /* TipInputView.swift in Sources */ = {isa = PBXBuildFile; fileRef = 12629E382ABEF7750056D007 /* TipInputView.swift */; };
		12629E3B2ABEF78D0056D007 /* SplitInputView.swift in Sources */ = {isa = PBXBuildFile; fileRef = 12629E3A2ABEF78D0056D007 /* SplitInputView.swift */; };
		12629E3E2ABEFCB30056D007 /* ThemeColor.swift in Sources */ = {isa = PBXBuildFile; fileRef = 12629E3D2ABEFCB30056D007 /* ThemeColor.swift */; };
		12629E402ABEFCC40056D007 /* ThemeFont.swift in Sources */ = {isa = PBXBuildFile; fileRef = 12629E3F2ABEFCC40056D007 /* ThemeFont.swift */; };
		12629E432ABEFD400056D007 /* UIColor+Extension.swift in Sources */ = {isa = PBXBuildFile; fileRef = 12629E422ABEFD400056D007 /* UIColor+Extension.swift */; };
		12B46D182ABF544700A61184 /* UIView+Extension.swift in Sources */ = {isa = PBXBuildFile; fileRef = 12B46D172ABF544700A61184 /* UIView+Extension.swift */; };
		12B46D1A2ABF5F3B00A61184 /* AmountView.swift in Sources */ = {isa = PBXBuildFile; fileRef = 12B46D192ABF5F3B00A61184 /* AmountView.swift */; };
		12B46D1D2AC1C76400A61184 /* Tip.swift in Sources */ = {isa = PBXBuildFile; fileRef = 12B46D1C2AC1C76400A61184 /* Tip.swift */; };
		12B46D1F2AC1C7A200A61184 /* HeaderView.swift in Sources */ = {isa = PBXBuildFile; fileRef = 12B46D1E2AC1C7A200A61184 /* HeaderView.swift */; };
		12B46D222AC2D13D00A61184 /* CalculatorVM.swift in Sources */ = {isa = PBXBuildFile; fileRef = 12B46D212AC2D13D00A61184 /* CalculatorVM.swift */; };
		12B46D242AC2F9FB00A61184 /* Result.swift in Sources */ = {isa = PBXBuildFile; fileRef = 12B46D232AC2F9FB00A61184 /* Result.swift */; };
		12B46D282AC3098100A61184 /* String+Extension.swift in Sources */ = {isa = PBXBuildFile; fileRef = 12B46D272AC3098100A61184 /* String+Extension.swift */; };
		12B46D2A2AC36B3E00A61184 /* UIResponder+Extension.swift in Sources */ = {isa = PBXBuildFile; fileRef = 12B46D292AC36B3E00A61184 /* UIResponder+Extension.swift */; };
		12B46D2C2AC414C900A61184 /* Int+Extension.swift in Sources */ = {isa = PBXBuildFile; fileRef = 12B46D2B2AC414C900A61184 /* Int+Extension.swift */; };
		12B46D2E2AC459A100A61184 /* Double+Extension.swift in Sources */ = {isa = PBXBuildFile; fileRef = 12B46D2D2AC459A100A61184 /* Double+Extension.swift */; };
		12B46D6D2AC5510D00A61184 /* click.m4a in Resources */ = {isa = PBXBuildFile; fileRef = 12B46D6C2AC5510D00A61184 /* click.m4a */; };
		12B46D702AC5513500A61184 /* AudioPlayerService.swift in Sources */ = {isa = PBXBuildFile; fileRef = 12B46D6F2AC5513500A61184 /* AudioPlayerService.swift */; };
/* End PBXBuildFile section */

/* Begin PBXContainerItemProxy section */
		12629E072ABEE9A10056D007 /* PBXContainerItemProxy */ = {
			isa = PBXContainerItemProxy;
			containerPortal = 12629DE82ABEE99F0056D007 /* Project object */;
			proxyType = 1;
			remoteGlobalIDString = 12629DEF2ABEE99F0056D007;
			remoteInfo = "tip-calculator";
		};
		12629E112ABEE9A10056D007 /* PBXContainerItemProxy */ = {
			isa = PBXContainerItemProxy;
			containerPortal = 12629DE82ABEE99F0056D007 /* Project object */;
			proxyType = 1;
			remoteGlobalIDString = 12629DEF2ABEE99F0056D007;
			remoteInfo = "tip-calculator";
		};
/* End PBXContainerItemProxy section */

/* Begin PBXFileReference section */
		1246873B2ABF0C45004E1BC0 /* LabelFactor.swift */ = {isa = PBXFileReference; lastKnownFileType = sourcecode.swift; path = LabelFactor.swift; sourceTree = "<group>"; };
		12629DF02ABEE99F0056D007 /* tip-calculator.app */ = {isa = PBXFileReference; explicitFileType = wrapper.application; includeInIndex = 0; path = "tip-calculator.app"; sourceTree = BUILT_PRODUCTS_DIR; };
		12629DF32ABEE99F0056D007 /* AppDelegate.swift */ = {isa = PBXFileReference; lastKnownFileType = sourcecode.swift; path = AppDelegate.swift; sourceTree = "<group>"; };
		12629DF52ABEE99F0056D007 /* SceneDelegate.swift */ = {isa = PBXFileReference; lastKnownFileType = sourcecode.swift; path = SceneDelegate.swift; sourceTree = "<group>"; };
		12629DF72ABEE99F0056D007 /* CalculatorVC.swift */ = {isa = PBXFileReference; lastKnownFileType = sourcecode.swift; path = CalculatorVC.swift; sourceTree = "<group>"; };
		12629DFC2ABEE9A10056D007 /* Assets.xcassets */ = {isa = PBXFileReference; lastKnownFileType = folder.assetcatalog; path = Assets.xcassets; sourceTree = "<group>"; };
		12629DFF2ABEE9A10056D007 /* Base */ = {isa = PBXFileReference; lastKnownFileType = file.storyboard; name = Base; path = Base.lproj/LaunchScreen.storyboard; sourceTree = "<group>"; };
		12629E012ABEE9A10056D007 /* Info.plist */ = {isa = PBXFileReference; lastKnownFileType = text.plist.xml; path = Info.plist; sourceTree = "<group>"; };
		12629E062ABEE9A10056D007 /* tip-calculatorTests.xctest */ = {isa = PBXFileReference; explicitFileType = wrapper.cfbundle; includeInIndex = 0; path = "tip-calculatorTests.xctest"; sourceTree = BUILT_PRODUCTS_DIR; };
		12629E0A2ABEE9A10056D007 /* tip_calculatorTests.swift */ = {isa = PBXFileReference; lastKnownFileType = sourcecode.swift; path = tip_calculatorTests.swift; sourceTree = "<group>"; };
		12629E102ABEE9A10056D007 /* tip-calculatorUITests.xctest */ = {isa = PBXFileReference; explicitFileType = wrapper.cfbundle; includeInIndex = 0; path = "tip-calculatorUITests.xctest"; sourceTree = BUILT_PRODUCTS_DIR; };
		12629E142ABEE9A10056D007 /* tip_calculatorUITests.swift */ = {isa = PBXFileReference; lastKnownFileType = sourcecode.swift; path = tip_calculatorUITests.swift; sourceTree = "<group>"; };
		12629E162ABEE9A10056D007 /* tip_calculatorUITestsLaunchTests.swift */ = {isa = PBXFileReference; lastKnownFileType = sourcecode.swift; path = tip_calculatorUITestsLaunchTests.swift; sourceTree = "<group>"; };
		12629E322ABEF4CA0056D007 /* LogoView.swift */ = {isa = PBXFileReference; lastKnownFileType = sourcecode.swift; path = LogoView.swift; sourceTree = "<group>"; };
		12629E342ABEF7430056D007 /* ResultView.swift */ = {isa = PBXFileReference; lastKnownFileType = sourcecode.swift; path = ResultView.swift; sourceTree = "<group>"; };
		12629E362ABEF7600056D007 /* BillInputView.swift */ = {isa = PBXFileReference; lastKnownFileType = sourcecode.swift; path = BillInputView.swift; sourceTree = "<group>"; };
		12629E382ABEF7750056D007 /* TipInputView.swift */ = {isa = PBXFileReference; lastKnownFileType = sourcecode.swift; path = TipInputView.swift; sourceTree = "<group>"; };
		12629E3A2ABEF78D0056D007 /* SplitInputView.swift */ = {isa = PBXFileReference; lastKnownFileType = sourcecode.swift; path = SplitInputView.swift; sourceTree = "<group>"; };
		12629E3D2ABEFCB30056D007 /* ThemeColor.swift */ = {isa = PBXFileReference; lastKnownFileType = sourcecode.swift; path = ThemeColor.swift; sourceTree = "<group>"; };
		12629E3F2ABEFCC40056D007 /* ThemeFont.swift */ = {isa = PBXFileReference; lastKnownFileType = sourcecode.swift; path = ThemeFont.swift; sourceTree = "<group>"; };
		12629E422ABEFD400056D007 /* UIColor+Extension.swift */ = {isa = PBXFileReference; lastKnownFileType = sourcecode.swift; path = "UIColor+Extension.swift"; sourceTree = "<group>"; };
		12629E442ABF046F0056D007 /* README.md */ = {isa = PBXFileReference; lastKnownFileType = net.daringfireball.markdown; path = README.md; sourceTree = "<group>"; };
		12B46D172ABF544700A61184 /* UIView+Extension.swift */ = {isa = PBXFileReference; lastKnownFileType = sourcecode.swift; path = "UIView+Extension.swift"; sourceTree = "<group>"; };
		12B46D192ABF5F3B00A61184 /* AmountView.swift */ = {isa = PBXFileReference; lastKnownFileType = sourcecode.swift; path = AmountView.swift; sourceTree = "<group>"; };
		12B46D1C2AC1C76400A61184 /* Tip.swift */ = {isa = PBXFileReference; lastKnownFileType = sourcecode.swift; path = Tip.swift; sourceTree = "<group>"; };
		12B46D1E2AC1C7A200A61184 /* HeaderView.swift */ = {isa = PBXFileReference; lastKnownFileType = sourcecode.swift; path = HeaderView.swift; sourceTree = "<group>"; };
		12B46D212AC2D13D00A61184 /* CalculatorVM.swift */ = {isa = PBXFileReference; lastKnownFileType = sourcecode.swift; path = CalculatorVM.swift; sourceTree = "<group>"; };
		12B46D232AC2F9FB00A61184 /* Result.swift */ = {isa = PBXFileReference; lastKnownFileType = sourcecode.swift; path = Result.swift; sourceTree = "<group>"; };
		12B46D272AC3098100A61184 /* String+Extension.swift */ = {isa = PBXFileReference; lastKnownFileType = sourcecode.swift; path = "String+Extension.swift"; sourceTree = "<group>"; };
		12B46D292AC36B3E00A61184 /* UIResponder+Extension.swift */ = {isa = PBXFileReference; lastKnownFileType = sourcecode.swift; path = "UIResponder+Extension.swift"; sourceTree = "<group>"; };
		12B46D2B2AC414C900A61184 /* Int+Extension.swift */ = {isa = PBXFileReference; lastKnownFileType = sourcecode.swift; path = "Int+Extension.swift"; sourceTree = "<group>"; };
		12B46D2D2AC459A100A61184 /* Double+Extension.swift */ = {isa = PBXFileReference; lastKnownFileType = sourcecode.swift; path = "Double+Extension.swift"; sourceTree = "<group>"; };
		12B46D6C2AC5510D00A61184 /* click.m4a */ = {isa = PBXFileReference; lastKnownFileType = file; path = click.m4a; sourceTree = "<group>"; };
		12B46D6F2AC5513500A61184 /* AudioPlayerService.swift */ = {isa = PBXFileReference; lastKnownFileType = sourcecode.swift; path = AudioPlayerService.swift; sourceTree = "<group>"; };
/* End PBXFileReference section */

/* Begin PBXFrameworksBuildPhase section */
		12629DED2ABEE99F0056D007 /* Frameworks */ = {
			isa = PBXFrameworksBuildPhase;
			buildActionMask = 2147483647;
			files = (
				12629E252ABEEA880056D007 /* CombineCocoa in Frameworks */,
				12629E282ABEEAD10056D007 /* SnapKit in Frameworks */,
			);
			runOnlyForDeploymentPostprocessing = 0;
		};
		12629E032ABEE9A10056D007 /* Frameworks */ = {
			isa = PBXFrameworksBuildPhase;
			buildActionMask = 2147483647;
			files = (
				12629E2B2ABEEB8F0056D007 /* CombineCocoa in Frameworks */,
				12629E2E2ABEEC840056D007 /* SnapshotTesting in Frameworks */,
			);
			runOnlyForDeploymentPostprocessing = 0;
		};
		12629E0D2ABEE9A10056D007 /* Frameworks */ = {
			isa = PBXFrameworksBuildPhase;
			buildActionMask = 2147483647;
			files = (
				12629E302ABEECAA0056D007 /* CombineCocoa in Frameworks */,
			);
			runOnlyForDeploymentPostprocessing = 0;
		};
/* End PBXFrameworksBuildPhase section */

/* Begin PBXGroup section */
		1246873A2ABF0C25004E1BC0 /* factory */ = {
			isa = PBXGroup;
			children = (
				1246873B2ABF0C45004E1BC0 /* LabelFactor.swift */,
			);
			path = factory;
			sourceTree = "<group>";
		};
		12629DE72ABEE99F0056D007 = {
			isa = PBXGroup;
			children = (
				12629E442ABF046F0056D007 /* README.md */,
				12629DF22ABEE99F0056D007 /* tip-calculator */,
				12629E092ABEE9A10056D007 /* tip-calculatorTests */,
				12629E132ABEE9A10056D007 /* tip-calculatorUITests */,
				12629DF12ABEE99F0056D007 /* Products */,
				12629E292ABEEB8F0056D007 /* Frameworks */,
			);
			sourceTree = "<group>";
		};
		12629DF12ABEE99F0056D007 /* Products */ = {
			isa = PBXGroup;
			children = (
				12629DF02ABEE99F0056D007 /* tip-calculator.app */,
				12629E062ABEE9A10056D007 /* tip-calculatorTests.xctest */,
				12629E102ABEE9A10056D007 /* tip-calculatorUITests.xctest */,
			);
			name = Products;
			sourceTree = "<group>";
		};
		12629DF22ABEE99F0056D007 /* tip-calculator */ = {
			isa = PBXGroup;
			children = (
				12B46D6E2AC5512500A61184 /* service */,
				12B46D6B2AC550E100A61184 /* resource */,
				12B46D202AC2D12D00A61184 /* view model */,
				12B46D1B2AC1C75800A61184 /* model */,
				1246873A2ABF0C25004E1BC0 /* factory */,
				12629E412ABEFD210056D007 /* extension */,
				12629E3C2ABEFC8C0056D007 /* config */,
				12629E312ABEF4A70056D007 /* view */,
				12629DF32ABEE99F0056D007 /* AppDelegate.swift */,
				12629DF52ABEE99F0056D007 /* SceneDelegate.swift */,
				12629DF72ABEE99F0056D007 /* CalculatorVC.swift */,
				12629DFC2ABEE9A10056D007 /* Assets.xcassets */,
				12629DFE2ABEE9A10056D007 /* LaunchScreen.storyboard */,
				12629E012ABEE9A10056D007 /* Info.plist */,
			);
			path = "tip-calculator";
			sourceTree = "<group>";
		};
		12629E092ABEE9A10056D007 /* tip-calculatorTests */ = {
			isa = PBXGroup;
			children = (
				12629E0A2ABEE9A10056D007 /* tip_calculatorTests.swift */,
			);
			path = "tip-calculatorTests";
			sourceTree = "<group>";
		};
		12629E132ABEE9A10056D007 /* tip-calculatorUITests */ = {
			isa = PBXGroup;
			children = (
				12629E142ABEE9A10056D007 /* tip_calculatorUITests.swift */,
				12629E162ABEE9A10056D007 /* tip_calculatorUITestsLaunchTests.swift */,
			);
			path = "tip-calculatorUITests";
			sourceTree = "<group>";
		};
		12629E292ABEEB8F0056D007 /* Frameworks */ = {
			isa = PBXGroup;
			children = (
			);
			name = Frameworks;
			sourceTree = "<group>";
		};
		12629E312ABEF4A70056D007 /* view */ = {
			isa = PBXGroup;
			children = (
				12629E322ABEF4CA0056D007 /* LogoView.swift */,
				12629E342ABEF7430056D007 /* ResultView.swift */,
				12629E362ABEF7600056D007 /* BillInputView.swift */,
				12629E382ABEF7750056D007 /* TipInputView.swift */,
				12629E3A2ABEF78D0056D007 /* SplitInputView.swift */,
				12B46D192ABF5F3B00A61184 /* AmountView.swift */,
				12B46D1E2AC1C7A200A61184 /* HeaderView.swift */,
			);
			path = view;
			sourceTree = "<group>";
		};
		12629E3C2ABEFC8C0056D007 /* config */ = {
			isa = PBXGroup;
			children = (
				12629E3D2ABEFCB30056D007 /* ThemeColor.swift */,
				12629E3F2ABEFCC40056D007 /* ThemeFont.swift */,
			);
			path = config;
			sourceTree = "<group>";
		};
		12629E412ABEFD210056D007 /* extension */ = {
			isa = PBXGroup;
			children = (
				12629E422ABEFD400056D007 /* UIColor+Extension.swift */,
				12B46D172ABF544700A61184 /* UIView+Extension.swift */,
				12B46D272AC3098100A61184 /* String+Extension.swift */,
				12B46D292AC36B3E00A61184 /* UIResponder+Extension.swift */,
				12B46D2B2AC414C900A61184 /* Int+Extension.swift */,
				12B46D2D2AC459A100A61184 /* Double+Extension.swift */,
			);
			path = extension;
			sourceTree = "<group>";
		};
		12B46D1B2AC1C75800A61184 /* model */ = {
			isa = PBXGroup;
			children = (
				12B46D1C2AC1C76400A61184 /* Tip.swift */,
				12B46D232AC2F9FB00A61184 /* Result.swift */,
			);
			path = model;
			sourceTree = "<group>";
		};
		12B46D202AC2D12D00A61184 /* view model */ = {
			isa = PBXGroup;
			children = (
				12B46D212AC2D13D00A61184 /* CalculatorVM.swift */,
			);
			path = "view model";
			sourceTree = "<group>";
		};
		12B46D6B2AC550E100A61184 /* resource */ = {
			isa = PBXGroup;
			children = (
				12B46D6C2AC5510D00A61184 /* click.m4a */,
			);
			path = resource;
			sourceTree = "<group>";
		};
		12B46D6E2AC5512500A61184 /* service */ = {
			isa = PBXGroup;
			children = (
				12B46D6F2AC5513500A61184 /* AudioPlayerService.swift */,
			);
			path = service;
			sourceTree = "<group>";
		};
/* End PBXGroup section */

/* Begin PBXNativeTarget section */
		12629DEF2ABEE99F0056D007 /* tip-calculator */ = {
			isa = PBXNativeTarget;
			buildConfigurationList = 12629E1A2ABEE9A10056D007 /* Build configuration list for PBXNativeTarget "tip-calculator" */;
			buildPhases = (
				12629DEC2ABEE99F0056D007 /* Sources */,
				12629DED2ABEE99F0056D007 /* Frameworks */,
				12629DEE2ABEE99F0056D007 /* Resources */,
			);
			buildRules = (
			);
			dependencies = (
			);
			name = "tip-calculator";
			packageProductDependencies = (
				12629E242ABEEA880056D007 /* CombineCocoa */,
				12629E272ABEEAD10056D007 /* SnapKit */,
			);
			productName = "tip-calculator";
			productReference = 12629DF02ABEE99F0056D007 /* tip-calculator.app */;
			productType = "com.apple.product-type.application";
		};
		12629E052ABEE9A10056D007 /* tip-calculatorTests */ = {
			isa = PBXNativeTarget;
			buildConfigurationList = 12629E1D2ABEE9A10056D007 /* Build configuration list for PBXNativeTarget "tip-calculatorTests" */;
			buildPhases = (
				12629E022ABEE9A10056D007 /* Sources */,
				12629E032ABEE9A10056D007 /* Frameworks */,
				12629E042ABEE9A10056D007 /* Resources */,
			);
			buildRules = (
			);
			dependencies = (
				12629E082ABEE9A10056D007 /* PBXTargetDependency */,
			);
			name = "tip-calculatorTests";
			packageProductDependencies = (
				12629E2A2ABEEB8F0056D007 /* CombineCocoa */,
				12629E2D2ABEEC840056D007 /* SnapshotTesting */,
			);
			productName = "tip-calculatorTests";
			productReference = 12629E062ABEE9A10056D007 /* tip-calculatorTests.xctest */;
			productType = "com.apple.product-type.bundle.unit-test";
		};
		12629E0F2ABEE9A10056D007 /* tip-calculatorUITests */ = {
			isa = PBXNativeTarget;
			buildConfigurationList = 12629E202ABEE9A10056D007 /* Build configuration list for PBXNativeTarget "tip-calculatorUITests" */;
			buildPhases = (
				12629E0C2ABEE9A10056D007 /* Sources */,
				12629E0D2ABEE9A10056D007 /* Frameworks */,
				12629E0E2ABEE9A10056D007 /* Resources */,
			);
			buildRules = (
			);
			dependencies = (
				12629E122ABEE9A10056D007 /* PBXTargetDependency */,
			);
			name = "tip-calculatorUITests";
			packageProductDependencies = (
				12629E2F2ABEECAA0056D007 /* CombineCocoa */,
			);
			productName = "tip-calculatorUITests";
			productReference = 12629E102ABEE9A10056D007 /* tip-calculatorUITests.xctest */;
			productType = "com.apple.product-type.bundle.ui-testing";
		};
/* End PBXNativeTarget section */

/* Begin PBXProject section */
		12629DE82ABEE99F0056D007 /* Project object */ = {
			isa = PBXProject;
			attributes = {
				BuildIndependentTargetsInParallel = 1;
				LastSwiftUpdateCheck = 1420;
				LastUpgradeCheck = 1420;
				TargetAttributes = {
					12629DEF2ABEE99F0056D007 = {
						CreatedOnToolsVersion = 14.2;
					};
					12629E052ABEE9A10056D007 = {
						CreatedOnToolsVersion = 14.2;
						TestTargetID = 12629DEF2ABEE99F0056D007;
					};
					12629E0F2ABEE9A10056D007 = {
						CreatedOnToolsVersion = 14.2;
						TestTargetID = 12629DEF2ABEE99F0056D007;
					};
				};
			};
			buildConfigurationList = 12629DEB2ABEE99F0056D007 /* Build configuration list for PBXProject "tip-calculator" */;
			compatibilityVersion = "Xcode 14.0";
			developmentRegion = en;
			hasScannedForEncodings = 0;
			knownRegions = (
				en,
				Base,
			);
			mainGroup = 12629DE72ABEE99F0056D007;
			packageReferences = (
				12629E232ABEEA880056D007 /* XCRemoteSwiftPackageReference "CombineCocoa" */,
				12629E262ABEEAD10056D007 /* XCRemoteSwiftPackageReference "SnapKit" */,
				12629E2C2ABEEC840056D007 /* XCRemoteSwiftPackageReference "swift-snapshot-testing" */,
			);
			productRefGroup = 12629DF12ABEE99F0056D007 /* Products */;
			projectDirPath = "";
			projectRoot = "";
			targets = (
				12629DEF2ABEE99F0056D007 /* tip-calculator */,
				12629E052ABEE9A10056D007 /* tip-calculatorTests */,
				12629E0F2ABEE9A10056D007 /* tip-calculatorUITests */,
			);
		};
/* End PBXProject section */

/* Begin PBXResourcesBuildPhase section */
		12629DEE2ABEE99F0056D007 /* Resources */ = {
			isa = PBXResourcesBuildPhase;
			buildActionMask = 2147483647;
			files = (
				12B46D6D2AC5510D00A61184 /* click.m4a in Resources */,
				12629E002ABEE9A10056D007 /* LaunchScreen.storyboard in Resources */,
				12629DFD2ABEE9A10056D007 /* Assets.xcassets in Resources */,
			);
			runOnlyForDeploymentPostprocessing = 0;
		};
		12629E042ABEE9A10056D007 /* Resources */ = {
			isa = PBXResourcesBuildPhase;
			buildActionMask = 2147483647;
			files = (
			);
			runOnlyForDeploymentPostprocessing = 0;
		};
		12629E0E2ABEE9A10056D007 /* Resources */ = {
			isa = PBXResourcesBuildPhase;
			buildActionMask = 2147483647;
			files = (
			);
			runOnlyForDeploymentPostprocessing = 0;
		};
/* End PBXResourcesBuildPhase section */

/* Begin PBXSourcesBuildPhase section */
		12629DEC2ABEE99F0056D007 /* Sources */ = {
			isa = PBXSourcesBuildPhase;
			buildActionMask = 2147483647;
			files = (
				12B46D242AC2F9FB00A61184 /* Result.swift in Sources */,
				12B46D222AC2D13D00A61184 /* CalculatorVM.swift in Sources */,
				12B46D2A2AC36B3E00A61184 /* UIResponder+Extension.swift in Sources */,
				12B46D2C2AC414C900A61184 /* Int+Extension.swift in Sources */,
				12B46D1A2ABF5F3B00A61184 /* AmountView.swift in Sources */,
				12B46D282AC3098100A61184 /* String+Extension.swift in Sources */,
				12629DF82ABEE99F0056D007 /* CalculatorVC.swift in Sources */,
				12B46D182ABF544700A61184 /* UIView+Extension.swift in Sources */,
				12629E332ABEF4CA0056D007 /* LogoView.swift in Sources */,
				12629E3E2ABEFCB30056D007 /* ThemeColor.swift in Sources */,
				12629E432ABEFD400056D007 /* UIColor+Extension.swift in Sources */,
				12629E372ABEF7600056D007 /* BillInputView.swift in Sources */,
				12B46D702AC5513500A61184 /* AudioPlayerService.swift in Sources */,
				12629E352ABEF7430056D007 /* ResultView.swift in Sources */,
				12629DF42ABEE99F0056D007 /* AppDelegate.swift in Sources */,
				1246873C2ABF0C45004E1BC0 /* LabelFactor.swift in Sources */,
				12629E402ABEFCC40056D007 /* ThemeFont.swift in Sources */,
				12B46D2E2AC459A100A61184 /* Double+Extension.swift in Sources */,
				12629DF62ABEE99F0056D007 /* SceneDelegate.swift in Sources */,
				12B46D1D2AC1C76400A61184 /* Tip.swift in Sources */,
				12629E3B2ABEF78D0056D007 /* SplitInputView.swift in Sources */,
				12629E392ABEF7750056D007 /* TipInputView.swift in Sources */,
				12B46D1F2AC1C7A200A61184 /* HeaderView.swift in Sources */,
			);
			runOnlyForDeploymentPostprocessing = 0;
		};
		12629E022ABEE9A10056D007 /* Sources */ = {
			isa = PBXSourcesBuildPhase;
			buildActionMask = 2147483647;
			files = (
				12629E0B2ABEE9A10056D007 /* tip_calculatorTests.swift in Sources */,
			);
			runOnlyForDeploymentPostprocessing = 0;
		};
		12629E0C2ABEE9A10056D007 /* Sources */ = {
			isa = PBXSourcesBuildPhase;
			buildActionMask = 2147483647;
			files = (
				12629E172ABEE9A10056D007 /* tip_calculatorUITestsLaunchTests.swift in Sources */,
				12629E152ABEE9A10056D007 /* tip_calculatorUITests.swift in Sources */,
			);
			runOnlyForDeploymentPostprocessing = 0;
		};
/* End PBXSourcesBuildPhase section */

/* Begin PBXTargetDependency section */
		12629E082ABEE9A10056D007 /* PBXTargetDependency */ = {
			isa = PBXTargetDependency;
			target = 12629DEF2ABEE99F0056D007 /* tip-calculator */;
			targetProxy = 12629E072ABEE9A10056D007 /* PBXContainerItemProxy */;
		};
		12629E122ABEE9A10056D007 /* PBXTargetDependency */ = {
			isa = PBXTargetDependency;
			target = 12629DEF2ABEE99F0056D007 /* tip-calculator */;
			targetProxy = 12629E112ABEE9A10056D007 /* PBXContainerItemProxy */;
		};
/* End PBXTargetDependency section */

/* Begin PBXVariantGroup section */
		12629DFE2ABEE9A10056D007 /* LaunchScreen.storyboard */ = {
			isa = PBXVariantGroup;
			children = (
				12629DFF2ABEE9A10056D007 /* Base */,
			);
			name = LaunchScreen.storyboard;
			sourceTree = "<group>";
		};
/* End PBXVariantGroup section */

/* Begin XCBuildConfiguration section */
		12629E182ABEE9A10056D007 /* Debug */ = {
			isa = XCBuildConfiguration;
			buildSettings = {
				ALWAYS_SEARCH_USER_PATHS = NO;
				CLANG_ANALYZER_NONNULL = YES;
				CLANG_ANALYZER_NUMBER_OBJECT_CONVERSION = YES_AGGRESSIVE;
				CLANG_CXX_LANGUAGE_STANDARD = "gnu++20";
				CLANG_ENABLE_MODULES = YES;
				CLANG_ENABLE_OBJC_ARC = YES;
				CLANG_ENABLE_OBJC_WEAK = YES;
				CLANG_WARN_BLOCK_CAPTURE_AUTORELEASING = YES;
				CLANG_WARN_BOOL_CONVERSION = YES;
				CLANG_WARN_COMMA = YES;
				CLANG_WARN_CONSTANT_CONVERSION = YES;
				CLANG_WARN_DEPRECATED_OBJC_IMPLEMENTATIONS = YES;
				CLANG_WARN_DIRECT_OBJC_ISA_USAGE = YES_ERROR;
				CLANG_WARN_DOCUMENTATION_COMMENTS = YES;
				CLANG_WARN_EMPTY_BODY = YES;
				CLANG_WARN_ENUM_CONVERSION = YES;
				CLANG_WARN_INFINITE_RECURSION = YES;
				CLANG_WARN_INT_CONVERSION = YES;
				CLANG_WARN_NON_LITERAL_NULL_CONVERSION = YES;
				CLANG_WARN_OBJC_IMPLICIT_RETAIN_SELF = YES;
				CLANG_WARN_OBJC_LITERAL_CONVERSION = YES;
				CLANG_WARN_OBJC_ROOT_CLASS = YES_ERROR;
				CLANG_WARN_QUOTED_INCLUDE_IN_FRAMEWORK_HEADER = YES;
				CLANG_WARN_RANGE_LOOP_ANALYSIS = YES;
				CLANG_WARN_STRICT_PROTOTYPES = YES;
				CLANG_WARN_SUSPICIOUS_MOVE = YES;
				CLANG_WARN_UNGUARDED_AVAILABILITY = YES_AGGRESSIVE;
				CLANG_WARN_UNREACHABLE_CODE = YES;
				CLANG_WARN__DUPLICATE_METHOD_MATCH = YES;
				COPY_PHASE_STRIP = NO;
				DEBUG_INFORMATION_FORMAT = dwarf;
				ENABLE_STRICT_OBJC_MSGSEND = YES;
				ENABLE_TESTABILITY = YES;
				GCC_C_LANGUAGE_STANDARD = gnu11;
				GCC_DYNAMIC_NO_PIC = NO;
				GCC_NO_COMMON_BLOCKS = YES;
				GCC_OPTIMIZATION_LEVEL = 0;
				GCC_PREPROCESSOR_DEFINITIONS = (
					"DEBUG=1",
					"$(inherited)",
				);
				GCC_WARN_64_TO_32_BIT_CONVERSION = YES;
				GCC_WARN_ABOUT_RETURN_TYPE = YES_ERROR;
				GCC_WARN_UNDECLARED_SELECTOR = YES;
				GCC_WARN_UNINITIALIZED_AUTOS = YES_AGGRESSIVE;
				GCC_WARN_UNUSED_FUNCTION = YES;
				GCC_WARN_UNUSED_VARIABLE = YES;
				IPHONEOS_DEPLOYMENT_TARGET = 16.2;
				MTL_ENABLE_DEBUG_INFO = INCLUDE_SOURCE;
				MTL_FAST_MATH = YES;
				ONLY_ACTIVE_ARCH = YES;
				SDKROOT = iphoneos;
				SWIFT_ACTIVE_COMPILATION_CONDITIONS = DEBUG;
				SWIFT_OPTIMIZATION_LEVEL = "-Onone";
			};
			name = Debug;
		};
		12629E192ABEE9A10056D007 /* Release */ = {
			isa = XCBuildConfiguration;
			buildSettings = {
				ALWAYS_SEARCH_USER_PATHS = NO;
				CLANG_ANALYZER_NONNULL = YES;
				CLANG_ANALYZER_NUMBER_OBJECT_CONVERSION = YES_AGGRESSIVE;
				CLANG_CXX_LANGUAGE_STANDARD = "gnu++20";
				CLANG_ENABLE_MODULES = YES;
				CLANG_ENABLE_OBJC_ARC = YES;
				CLANG_ENABLE_OBJC_WEAK = YES;
				CLANG_WARN_BLOCK_CAPTURE_AUTORELEASING = YES;
				CLANG_WARN_BOOL_CONVERSION = YES;
				CLANG_WARN_COMMA = YES;
				CLANG_WARN_CONSTANT_CONVERSION = YES;
				CLANG_WARN_DEPRECATED_OBJC_IMPLEMENTATIONS = YES;
				CLANG_WARN_DIRECT_OBJC_ISA_USAGE = YES_ERROR;
				CLANG_WARN_DOCUMENTATION_COMMENTS = YES;
				CLANG_WARN_EMPTY_BODY = YES;
				CLANG_WARN_ENUM_CONVERSION = YES;
				CLANG_WARN_INFINITE_RECURSION = YES;
				CLANG_WARN_INT_CONVERSION = YES;
				CLANG_WARN_NON_LITERAL_NULL_CONVERSION = YES;
				CLANG_WARN_OBJC_IMPLICIT_RETAIN_SELF = YES;
				CLANG_WARN_OBJC_LITERAL_CONVERSION = YES;
				CLANG_WARN_OBJC_ROOT_CLASS = YES_ERROR;
				CLANG_WARN_QUOTED_INCLUDE_IN_FRAMEWORK_HEADER = YES;
				CLANG_WARN_RANGE_LOOP_ANALYSIS = YES;
				CLANG_WARN_STRICT_PROTOTYPES = YES;
				CLANG_WARN_SUSPICIOUS_MOVE = YES;
				CLANG_WARN_UNGUARDED_AVAILABILITY = YES_AGGRESSIVE;
				CLANG_WARN_UNREACHABLE_CODE = YES;
				CLANG_WARN__DUPLICATE_METHOD_MATCH = YES;
				COPY_PHASE_STRIP = NO;
				DEBUG_INFORMATION_FORMAT = "dwarf-with-dsym";
				ENABLE_NS_ASSERTIONS = NO;
				ENABLE_STRICT_OBJC_MSGSEND = YES;
				GCC_C_LANGUAGE_STANDARD = gnu11;
				GCC_NO_COMMON_BLOCKS = YES;
				GCC_WARN_64_TO_32_BIT_CONVERSION = YES;
				GCC_WARN_ABOUT_RETURN_TYPE = YES_ERROR;
				GCC_WARN_UNDECLARED_SELECTOR = YES;
				GCC_WARN_UNINITIALIZED_AUTOS = YES_AGGRESSIVE;
				GCC_WARN_UNUSED_FUNCTION = YES;
				GCC_WARN_UNUSED_VARIABLE = YES;
				IPHONEOS_DEPLOYMENT_TARGET = 16.2;
				MTL_ENABLE_DEBUG_INFO = NO;
				MTL_FAST_MATH = YES;
				SDKROOT = iphoneos;
				SWIFT_COMPILATION_MODE = wholemodule;
				SWIFT_OPTIMIZATION_LEVEL = "-O";
				VALIDATE_PRODUCT = YES;
			};
			name = Release;
		};
		12629E1B2ABEE9A10056D007 /* Debug */ = {
			isa = XCBuildConfiguration;
			buildSettings = {
				ASSETCATALOG_COMPILER_APPICON_NAME = AppIcon;
				ASSETCATALOG_COMPILER_GLOBAL_ACCENT_COLOR_NAME = AccentColor;
				CODE_SIGN_STYLE = Automatic;
				CURRENT_PROJECT_VERSION = 1;
				DEVELOPMENT_TEAM = CG2DGVAM4V;
				GENERATE_INFOPLIST_FILE = YES;
				INFOPLIST_FILE = "tip-calculator/Info.plist";
				INFOPLIST_KEY_UIApplicationSupportsIndirectInputEvents = YES;
				INFOPLIST_KEY_UILaunchStoryboardName = LaunchScreen;
				INFOPLIST_KEY_UISupportedInterfaceOrientations_iPad = "UIInterfaceOrientationPortrait UIInterfaceOrientationPortraitUpsideDown UIInterfaceOrientationLandscapeLeft UIInterfaceOrientationLandscapeRight";
				INFOPLIST_KEY_UISupportedInterfaceOrientations_iPhone = "UIInterfaceOrientationPortrait UIInterfaceOrientationLandscapeLeft UIInterfaceOrientationLandscapeRight";
				LD_RUNPATH_SEARCH_PATHS = (
					"$(inherited)",
					"@executable_path/Frameworks",
				);
				MARKETING_VERSION = 1.0;
				PRODUCT_BUNDLE_IDENTIFIER = "com.seymarslan.tip-calculator";
				PRODUCT_NAME = "$(TARGET_NAME)";
				SWIFT_EMIT_LOC_STRINGS = YES;
				SWIFT_VERSION = 5.0;
				TARGETED_DEVICE_FAMILY = "1,2";
			};
			name = Debug;
		};
		12629E1C2ABEE9A10056D007 /* Release */ = {
			isa = XCBuildConfiguration;
			buildSettings = {
				ASSETCATALOG_COMPILER_APPICON_NAME = AppIcon;
				ASSETCATALOG_COMPILER_GLOBAL_ACCENT_COLOR_NAME = AccentColor;
				CODE_SIGN_STYLE = Automatic;
				CURRENT_PROJECT_VERSION = 1;
				DEVELOPMENT_TEAM = CG2DGVAM4V;
				GENERATE_INFOPLIST_FILE = YES;
				INFOPLIST_FILE = "tip-calculator/Info.plist";
				INFOPLIST_KEY_UIApplicationSupportsIndirectInputEvents = YES;
				INFOPLIST_KEY_UILaunchStoryboardName = LaunchScreen;
				INFOPLIST_KEY_UISupportedInterfaceOrientations_iPad = "UIInterfaceOrientationPortrait UIInterfaceOrientationPortraitUpsideDown UIInterfaceOrientationLandscapeLeft UIInterfaceOrientationLandscapeRight";
				INFOPLIST_KEY_UISupportedInterfaceOrientations_iPhone = "UIInterfaceOrientationPortrait UIInterfaceOrientationLandscapeLeft UIInterfaceOrientationLandscapeRight";
				LD_RUNPATH_SEARCH_PATHS = (
					"$(inherited)",
					"@executable_path/Frameworks",
				);
				MARKETING_VERSION = 1.0;
				PRODUCT_BUNDLE_IDENTIFIER = "com.seymarslan.tip-calculator";
				PRODUCT_NAME = "$(TARGET_NAME)";
				SWIFT_EMIT_LOC_STRINGS = YES;
				SWIFT_VERSION = 5.0;
				TARGETED_DEVICE_FAMILY = "1,2";
			};
			name = Release;
		};
		12629E1E2ABEE9A10056D007 /* Debug */ = {
			isa = XCBuildConfiguration;
			buildSettings = {
				ALWAYS_EMBED_SWIFT_STANDARD_LIBRARIES = YES;
				BUNDLE_LOADER = "$(TEST_HOST)";
				CODE_SIGN_STYLE = Automatic;
				CURRENT_PROJECT_VERSION = 1;
				DEVELOPMENT_TEAM = CG2DGVAM4V;
				GENERATE_INFOPLIST_FILE = YES;
				IPHONEOS_DEPLOYMENT_TARGET = 16.2;
				MARKETING_VERSION = 1.0;
				PRODUCT_BUNDLE_IDENTIFIER = "com.seymarslan.tip-calculatorTests";
				PRODUCT_NAME = "$(TARGET_NAME)";
				SWIFT_EMIT_LOC_STRINGS = NO;
				SWIFT_VERSION = 5.0;
				TARGETED_DEVICE_FAMILY = "1,2";
				TEST_HOST = "$(BUILT_PRODUCTS_DIR)/tip-calculator.app/$(BUNDLE_EXECUTABLE_FOLDER_PATH)/tip-calculator";
			};
			name = Debug;
		};
		12629E1F2ABEE9A10056D007 /* Release */ = {
			isa = XCBuildConfiguration;
			buildSettings = {
				ALWAYS_EMBED_SWIFT_STANDARD_LIBRARIES = YES;
				BUNDLE_LOADER = "$(TEST_HOST)";
				CODE_SIGN_STYLE = Automatic;
				CURRENT_PROJECT_VERSION = 1;
				DEVELOPMENT_TEAM = CG2DGVAM4V;
				GENERATE_INFOPLIST_FILE = YES;
				IPHONEOS_DEPLOYMENT_TARGET = 16.2;
				MARKETING_VERSION = 1.0;
				PRODUCT_BUNDLE_IDENTIFIER = "com.seymarslan.tip-calculatorTests";
				PRODUCT_NAME = "$(TARGET_NAME)";
				SWIFT_EMIT_LOC_STRINGS = NO;
				SWIFT_VERSION = 5.0;
				TARGETED_DEVICE_FAMILY = "1,2";
				TEST_HOST = "$(BUILT_PRODUCTS_DIR)/tip-calculator.app/$(BUNDLE_EXECUTABLE_FOLDER_PATH)/tip-calculator";
			};
			name = Release;
		};
		12629E212ABEE9A10056D007 /* Debug */ = {
			isa = XCBuildConfiguration;
			buildSettings = {
				ALWAYS_EMBED_SWIFT_STANDARD_LIBRARIES = YES;
				CODE_SIGN_STYLE = Automatic;
				CURRENT_PROJECT_VERSION = 1;
				DEVELOPMENT_TEAM = CG2DGVAM4V;
				GENERATE_INFOPLIST_FILE = YES;
				MARKETING_VERSION = 1.0;
				PRODUCT_BUNDLE_IDENTIFIER = "com.seymarslan.tip-calculatorUITests";
				PRODUCT_NAME = "$(TARGET_NAME)";
				SWIFT_EMIT_LOC_STRINGS = NO;
				SWIFT_VERSION = 5.0;
				TARGETED_DEVICE_FAMILY = "1,2";
				TEST_TARGET_NAME = "tip-calculator";
			};
			name = Debug;
		};
		12629E222ABEE9A10056D007 /* Release */ = {
			isa = XCBuildConfiguration;
			buildSettings = {
				ALWAYS_EMBED_SWIFT_STANDARD_LIBRARIES = YES;
				CODE_SIGN_STYLE = Automatic;
				CURRENT_PROJECT_VERSION = 1;
				DEVELOPMENT_TEAM = CG2DGVAM4V;
				GENERATE_INFOPLIST_FILE = YES;
				MARKETING_VERSION = 1.0;
				PRODUCT_BUNDLE_IDENTIFIER = "com.seymarslan.tip-calculatorUITests";
				PRODUCT_NAME = "$(TARGET_NAME)";
				SWIFT_EMIT_LOC_STRINGS = NO;
				SWIFT_VERSION = 5.0;
				TARGETED_DEVICE_FAMILY = "1,2";
				TEST_TARGET_NAME = "tip-calculator";
			};
			name = Release;
		};
/* End XCBuildConfiguration section */

/* Begin XCConfigurationList section */
		12629DEB2ABEE99F0056D007 /* Build configuration list for PBXProject "tip-calculator" */ = {
			isa = XCConfigurationList;
			buildConfigurations = (
				12629E182ABEE9A10056D007 /* Debug */,
				12629E192ABEE9A10056D007 /* Release */,
			);
			defaultConfigurationIsVisible = 0;
			defaultConfigurationName = Release;
		};
		12629E1A2ABEE9A10056D007 /* Build configuration list for PBXNativeTarget "tip-calculator" */ = {
			isa = XCConfigurationList;
			buildConfigurations = (
				12629E1B2ABEE9A10056D007 /* Debug */,
				12629E1C2ABEE9A10056D007 /* Release */,
			);
			defaultConfigurationIsVisible = 0;
			defaultConfigurationName = Release;
		};
		12629E1D2ABEE9A10056D007 /* Build configuration list for PBXNativeTarget "tip-calculatorTests" */ = {
			isa = XCConfigurationList;
			buildConfigurations = (
				12629E1E2ABEE9A10056D007 /* Debug */,
				12629E1F2ABEE9A10056D007 /* Release */,
			);
			defaultConfigurationIsVisible = 0;
			defaultConfigurationName = Release;
		};
		12629E202ABEE9A10056D007 /* Build configuration list for PBXNativeTarget "tip-calculatorUITests" */ = {
			isa = XCConfigurationList;
			buildConfigurations = (
				12629E212ABEE9A10056D007 /* Debug */,
				12629E222ABEE9A10056D007 /* Release */,
			);
			defaultConfigurationIsVisible = 0;
			defaultConfigurationName = Release;
		};
/* End XCConfigurationList section */

/* Begin XCRemoteSwiftPackageReference section */
		12629E232ABEEA880056D007 /* XCRemoteSwiftPackageReference "CombineCocoa" */ = {
			isa = XCRemoteSwiftPackageReference;
			repositoryURL = "https://github.com/CombineCommunity/CombineCocoa";
			requirement = {
				kind = upToNextMinorVersion;
				minimumVersion = 0.4.1;
			};
		};
		12629E262ABEEAD10056D007 /* XCRemoteSwiftPackageReference "SnapKit" */ = {
			isa = XCRemoteSwiftPackageReference;
			repositoryURL = "https://github.com/SnapKit/SnapKit";
			requirement = {
				kind = upToNextMinorVersion;
				minimumVersion = 5.6.0;
			};
		};
		12629E2C2ABEEC840056D007 /* XCRemoteSwiftPackageReference "swift-snapshot-testing" */ = {
			isa = XCRemoteSwiftPackageReference;
			repositoryURL = "https://github.com/pointfreeco/swift-snapshot-testing";
			requirement = {
				kind = upToNextMinorVersion;
				minimumVersion = 1.9.0;
			};
		};
/* End XCRemoteSwiftPackageReference section */

/* Begin XCSwiftPackageProductDependency section */
		12629E242ABEEA880056D007 /* CombineCocoa */ = {
			isa = XCSwiftPackageProductDependency;
			package = 12629E232ABEEA880056D007 /* XCRemoteSwiftPackageReference "CombineCocoa" */;
			productName = CombineCocoa;
		};
		12629E272ABEEAD10056D007 /* SnapKit */ = {
			isa = XCSwiftPackageProductDependency;
			package = 12629E262ABEEAD10056D007 /* XCRemoteSwiftPackageReference "SnapKit" */;
			productName = SnapKit;
		};
		12629E2A2ABEEB8F0056D007 /* CombineCocoa */ = {
			isa = XCSwiftPackageProductDependency;
			package = 12629E232ABEEA880056D007 /* XCRemoteSwiftPackageReference "CombineCocoa" */;
			productName = CombineCocoa;
		};
		12629E2D2ABEEC840056D007 /* SnapshotTesting */ = {
			isa = XCSwiftPackageProductDependency;
			package = 12629E2C2ABEEC840056D007 /* XCRemoteSwiftPackageReference "swift-snapshot-testing" */;
			productName = SnapshotTesting;
		};
		12629E2F2ABEECAA0056D007 /* CombineCocoa */ = {
			isa = XCSwiftPackageProductDependency;
			package = 12629E232ABEEA880056D007 /* XCRemoteSwiftPackageReference "CombineCocoa" */;
			productName = CombineCocoa;
		};
/* End XCSwiftPackageProductDependency section */
	};
	rootObject = 12629DE82ABEE99F0056D007 /* Project object */;
}
